// !$*UTF8*$!
{
	archiveVersion = 1;
	classes = {
	};
	objectVersion = 46;
	objects = {

/* Begin PBXBuildFile section */
		6CA75FC31B114E3900EFC1B1 /* AppDelegate.swift in Sources */ = {isa = PBXBuildFile; fileRef = 6CA75FC21B114E3900EFC1B1 /* AppDelegate.swift */; };
		6CA75FC61B114E3900EFC1B1 /* NextPath.xcdatamodeld in Sources */ = {isa = PBXBuildFile; fileRef = 6CA75FC41B114E3900EFC1B1 /* NextPath.xcdatamodeld */; };
		6CA75FC81B114E3900EFC1B1 /* ViewController.swift in Sources */ = {isa = PBXBuildFile; fileRef = 6CA75FC71B114E3900EFC1B1 /* ViewController.swift */; };
		6CA75FCB1B114E3900EFC1B1 /* Main.storyboard in Resources */ = {isa = PBXBuildFile; fileRef = 6CA75FC91B114E3900EFC1B1 /* Main.storyboard */; };
		6CA75FCD1B114E3900EFC1B1 /* Images.xcassets in Resources */ = {isa = PBXBuildFile; fileRef = 6CA75FCC1B114E3900EFC1B1 /* Images.xcassets */; };
		6CA75FD01B114E3900EFC1B1 /* LaunchScreen.xib in Resources */ = {isa = PBXBuildFile; fileRef = 6CA75FCE1B114E3900EFC1B1 /* LaunchScreen.xib */; };
		6CA75FDC1B114E3900EFC1B1 /* NextPathTests.swift in Sources */ = {isa = PBXBuildFile; fileRef = 6CA75FDB1B114E3900EFC1B1 /* NextPathTests.swift */; };
/* End PBXBuildFile section */

/* Begin PBXContainerItemProxy section */
		6CA75FD61B114E3900EFC1B1 /* PBXContainerItemProxy */ = {
			isa = PBXContainerItemProxy;
			containerPortal = 6CA75FB51B114E3900EFC1B1 /* Project object */;
			proxyType = 1;
			remoteGlobalIDString = 6CA75FBC1B114E3900EFC1B1;
			remoteInfo = NextPath;
		};
/* End PBXContainerItemProxy section */

/* Begin PBXFileReference section */
		6CA75FBD1B114E3900EFC1B1 /* NextPath.app */ = {isa = PBXFileReference; explicitFileType = wrapper.application; includeInIndex = 0; path = NextPath.app; sourceTree = BUILT_PRODUCTS_DIR; };
		6CA75FC11B114E3900EFC1B1 /* Info.plist */ = {isa = PBXFileReference; lastKnownFileType = text.plist.xml; path = Info.plist; sourceTree = "<group>"; };
		6CA75FC21B114E3900EFC1B1 /* AppDelegate.swift */ = {isa = PBXFileReference; lastKnownFileType = sourcecode.swift; path = AppDelegate.swift; sourceTree = "<group>"; };
		6CA75FC51B114E3900EFC1B1 /* NextPath.xcdatamodel */ = {isa = PBXFileReference; lastKnownFileType = wrapper.xcdatamodel; path = NextPath.xcdatamodel; sourceTree = "<group>"; };
		6CA75FC71B114E3900EFC1B1 /* ViewController.swift */ = {isa = PBXFileReference; lastKnownFileType = sourcecode.swift; path = ViewController.swift; sourceTree = "<group>"; };
		6CA75FCA1B114E3900EFC1B1 /* Base */ = {isa = PBXFileReference; lastKnownFileType = file.storyboard; name = Base; path = Base.lproj/Main.storyboard; sourceTree = "<group>"; };
		6CA75FCC1B114E3900EFC1B1 /* Images.xcassets */ = {isa = PBXFileReference; lastKnownFileType = folder.assetcatalog; path = Images.xcassets; sourceTree = "<group>"; };
		6CA75FCF1B114E3900EFC1B1 /* Base */ = {isa = PBXFileReference; lastKnownFileType = file.xib; name = Base; path = Base.lproj/LaunchScreen.xib; sourceTree = "<group>"; };
		6CA75FD51B114E3900EFC1B1 /* NextPathTests.xctest */ = {isa = PBXFileReference; explicitFileType = wrapper.cfbundle; includeInIndex = 0; path = NextPathTests.xctest; sourceTree = BUILT_PRODUCTS_DIR; };
		6CA75FDA1B114E3900EFC1B1 /* Info.plist */ = {isa = PBXFileReference; lastKnownFileType = text.plist.xml; path = Info.plist; sourceTree = "<group>"; };
		6CA75FDB1B114E3900EFC1B1 /* NextPathTests.swift */ = {isa = PBXFileReference; lastKnownFileType = sourcecode.swift; path = NextPathTests.swift; sourceTree = "<group>"; };
/* End PBXFileReference section */

/* Begin PBXFrameworksBuildPhase section */
		6CA75FBA1B114E3900EFC1B1 /* Frameworks */ = {
			isa = PBXFrameworksBuildPhase;
			buildActionMask = 2147483647;
			files = (
			);
			runOnlyForDeploymentPostprocessing = 0;
		};
		6CA75FD21B114E3900EFC1B1 /* Frameworks */ = {
			isa = PBXFrameworksBuildPhase;
			buildActionMask = 2147483647;
			files = (
			);
			runOnlyForDeploymentPostprocessing = 0;
		};
/* End PBXFrameworksBuildPhase section */

/* Begin PBXGroup section */
		6CA75FB41B114E3900EFC1B1 = {
			isa = PBXGroup;
			children = (
				6CA75FBF1B114E3900EFC1B1 /* NextPath */,
				6CA75FD81B114E3900EFC1B1 /* NextPathTests */,
				6CA75FBE1B114E3900EFC1B1 /* Products */,
			);
			sourceTree = "<group>";
		};
		6CA75FBE1B114E3900EFC1B1 /* Products */ = {
			isa = PBXGroup;
			children = (
				6CA75FBD1B114E3900EFC1B1 /* NextPath.app */,
				6CA75FD51B114E3900EFC1B1 /* NextPathTests.xctest */,
			);
			name = Products;
			sourceTree = "<group>";
		};
		6CA75FBF1B114E3900EFC1B1 /* NextPath */ = {
			isa = PBXGroup;
			children = (
				6CA75FC21B114E3900EFC1B1 /* AppDelegate.swift */,
				6CA75FC71B114E3900EFC1B1 /* ViewController.swift */,
				6CA75FC91B114E3900EFC1B1 /* Main.storyboard */,
				6CA75FCC1B114E3900EFC1B1 /* Images.xcassets */,
				6CA75FCE1B114E3900EFC1B1 /* LaunchScreen.xib */,
				6CA75FC41B114E3900EFC1B1 /* NextPath.xcdatamodeld */,
				6CA75FC01B114E3900EFC1B1 /* Supporting Files */,
			);
			path = NextPath;
			sourceTree = "<group>";
		};
		6CA75FC01B114E3900EFC1B1 /* Supporting Files */ = {
			isa = PBXGroup;
			children = (
				6CA75FC11B114E3900EFC1B1 /* Info.plist */,
			);
			name = "Supporting Files";
			sourceTree = "<group>";
		};
		6CA75FD81B114E3900EFC1B1 /* NextPathTests */ = {
			isa = PBXGroup;
			children = (
				6CA75FDB1B114E3900EFC1B1 /* NextPathTests.swift */,
				6CA75FD91B114E3900EFC1B1 /* Supporting Files */,
			);
			path = NextPathTests;
			sourceTree = "<group>";
		};
		6CA75FD91B114E3900EFC1B1 /* Supporting Files */ = {
			isa = PBXGroup;
			children = (
				6CA75FDA1B114E3900EFC1B1 /* Info.plist */,
			);
			name = "Supporting Files";
			sourceTree = "<group>";
		};
/* End PBXGroup section */

/* Begin PBXNativeTarget section */
		6CA75FBC1B114E3900EFC1B1 /* NextPath */ = {
			isa = PBXNativeTarget;
			buildConfigurationList = 6CA75FDF1B114E3900EFC1B1 /* Build configuration list for PBXNativeTarget "NextPath" */;
			buildPhases = (
				6CA75FB91B114E3900EFC1B1 /* Sources */,
				6CA75FBA1B114E3900EFC1B1 /* Frameworks */,
				6CA75FBB1B114E3900EFC1B1 /* Resources */,
			);
			buildRules = (
			);
			dependencies = (
			);
			name = NextPath;
			productName = NextPath;
			productReference = 6CA75FBD1B114E3900EFC1B1 /* NextPath.app */;
			productType = "com.apple.product-type.application";
		};
		6CA75FD41B114E3900EFC1B1 /* NextPathTests */ = {
			isa = PBXNativeTarget;
			buildConfigurationList = 6CA75FE21B114E3900EFC1B1 /* Build configuration list for PBXNativeTarget "NextPathTests" */;
			buildPhases = (
				6CA75FD11B114E3900EFC1B1 /* Sources */,
				6CA75FD21B114E3900EFC1B1 /* Frameworks */,
				6CA75FD31B114E3900EFC1B1 /* Resources */,
			);
			buildRules = (
			);
			dependencies = (
				6CA75FD71B114E3900EFC1B1 /* PBXTargetDependency */,
			);
			name = NextPathTests;
			productName = NextPathTests;
			productReference = 6CA75FD51B114E3900EFC1B1 /* NextPathTests.xctest */;
			productType = "com.apple.product-type.bundle.unit-test";
		};
/* End PBXNativeTarget section */

/* Begin PBXProject section */
		6CA75FB51B114E3900EFC1B1 /* Project object */ = {
			isa = PBXProject;
			attributes = {
				LastUpgradeCheck = 0630;
				ORGANIZATIONNAME = "Maxwell Pospischil";
				TargetAttributes = {
					6CA75FBC1B114E3900EFC1B1 = {
						CreatedOnToolsVersion = 6.3.2;
					};
					6CA75FD41B114E3900EFC1B1 = {
						CreatedOnToolsVersion = 6.3.2;
						TestTargetID = 6CA75FBC1B114E3900EFC1B1;
					};
				};
			};
			buildConfigurationList = 6CA75FB81B114E3900EFC1B1 /* Build configuration list for PBXProject "NextPath" */;
			compatibilityVersion = "Xcode 3.2";
			developmentRegion = English;
			hasScannedForEncodings = 0;
			knownRegions = (
				en,
				Base,
			);
			mainGroup = 6CA75FB41B114E3900EFC1B1;
			productRefGroup = 6CA75FBE1B114E3900EFC1B1 /* Products */;
			projectDirPath = "";
			projectRoot = "";
			targets = (
				6CA75FBC1B114E3900EFC1B1 /* NextPath */,
				6CA75FD41B114E3900EFC1B1 /* NextPathTests */,
			);
		};
/* End PBXProject section */

/* Begin PBXResourcesBuildPhase section */
		6CA75FBB1B114E3900EFC1B1 /* Resources */ = {
			isa = PBXResourcesBuildPhase;
			buildActionMask = 2147483647;
			files = (
				6CA75FCB1B114E3900EFC1B1 /* Main.storyboard in Resources */,
				6CA75FD01B114E3900EFC1B1 /* LaunchScreen.xib in Resources */,
				6CA75FCD1B114E3900EFC1B1 /* Images.xcassets in Resources */,
			);
			runOnlyForDeploymentPostprocessing = 0;
		};
		6CA75FD31B114E3900EFC1B1 /* Resources */ = {
			isa = PBXResourcesBuildPhase;
			buildActionMask = 2147483647;
			files = (
			);
			runOnlyForDeploymentPostprocessing = 0;
		};
/* End PBXResourcesBuildPhase section */

/* Begin PBXSourcesBuildPhase section */
		6CA75FB91B114E3900EFC1B1 /* Sources */ = {
			isa = PBXSourcesBuildPhase;
			buildActionMask = 2147483647;
			files = (
				6CA75FC81B114E3900EFC1B1 /* ViewController.swift in Sources */,
				6CA75FC31B114E3900EFC1B1 /* AppDelegate.swift in Sources */,
				6CA75FC61B114E3900EFC1B1 /* NextPath.xcdatamodeld in Sources */,
			);
			runOnlyForDeploymentPostprocessing = 0;
		};
		6CA75FD11B114E3900EFC1B1 /* Sources */ = {
			isa = PBXSourcesBuildPhase;
			buildActionMask = 2147483647;
			files = (
				6CA75FDC1B114E3900EFC1B1 /* NextPathTests.swift in Sources */,
			);
			runOnlyForDeploymentPostprocessing = 0;
		};
/* End PBXSourcesBuildPhase section */

/* Begin PBXTargetDependency section */
		6CA75FD71B114E3900EFC1B1 /* PBXTargetDependency */ = {
			isa = PBXTargetDependency;
			target = 6CA75FBC1B114E3900EFC1B1 /* NextPath */;
			targetProxy = 6CA75FD61B114E3900EFC1B1 /* PBXContainerItemProxy */;
		};
/* End PBXTargetDependency section */

/* Begin PBXVariantGroup section */
		6CA75FC91B114E3900EFC1B1 /* Main.storyboard */ = {
			isa = PBXVariantGroup;
			children = (
				6CA75FCA1B114E3900EFC1B1 /* Base */,
			);
			name = Main.storyboard;
			sourceTree = "<group>";
		};
		6CA75FCE1B114E3900EFC1B1 /* LaunchScreen.xib */ = {
			isa = PBXVariantGroup;
			children = (
				6CA75FCF1B114E3900EFC1B1 /* Base */,
			);
			name = LaunchScreen.xib;
			sourceTree = "<group>";
		};
/* End PBXVariantGroup section */

/* Begin XCBuildConfiguration section */
		6CA75FDD1B114E3900EFC1B1 /* Debug */ = {
			isa = XCBuildConfiguration;
			buildSettings = {
				ALWAYS_SEARCH_USER_PATHS = NO;
				CLANG_CXX_LANGUAGE_STANDARD = "gnu++0x";
				CLANG_CXX_LIBRARY = "libc++";
				CLANG_ENABLE_MODULES = YES;
				CLANG_ENABLE_OBJC_ARC = YES;
				CLANG_WARN_BOOL_CONVERSION = YES;
				CLANG_WARN_CONSTANT_CONVERSION = YES;
				CLANG_WARN_DIRECT_OBJC_ISA_USAGE = YES_ERROR;
				CLANG_WARN_EMPTY_BODY = YES;
				CLANG_WARN_ENUM_CONVERSION = YES;
				CLANG_WARN_INT_CONVERSION = YES;
				CLANG_WARN_OBJC_ROOT_CLASS = YES_ERROR;
				CLANG_WARN_UNREACHABLE_CODE = YES;
				CLANG_WARN__DUPLICATE_METHOD_MATCH = YES;
				"CODE_SIGN_IDENTITY[sdk=iphoneos*]" = "iPhone Developer";
				COPY_PHASE_STRIP = NO;
				DEBUG_INFORMATION_FORMAT = "dwarf-with-dsym";
				ENABLE_STRICT_OBJC_MSGSEND = YES;
				GCC_C_LANGUAGE_STANDARD = gnu99;
				GCC_DYNAMIC_NO_PIC = NO;
				GCC_NO_COMMON_BLOCKS = YES;
				GCC_OPTIMIZATION_LEVEL = 0;
				GCC_PREPROCESSOR_DEFINITIONS = (
					"DEBUG=1",
					"$(inherited)",
				);
				GCC_SYMBOLS_PRIVATE_EXTERN = NO;
				GCC_WARN_64_TO_32_BIT_CONVERSION = YES;
				GCC_WARN_ABOUT_RETURN_TYPE = YES_ERROR;
				GCC_WARN_UNDECLARED_SELECTOR = YES;
				GCC_WARN_UNINITIALIZED_AUTOS = YES_AGGRESSIVE;
				GCC_WARN_UNUSED_FUNCTION = YES;
				GCC_WARN_UNUSED_VARIABLE = YES;
				IPHONEOS_DEPLOYMENT_TARGET = 8.3;
				MTL_ENABLE_DEBUG_INFO = YES;
				ONLY_ACTIVE_ARCH = YES;
				SDKROOT = iphoneos;
				SWIFT_OPTIMIZATION_LEVEL = "-Onone";
				TARGETED_DEVICE_FAMILY = "1,2";
			};
			name = Debug;
		};
		6CA75FDE1B114E3900EFC1B1 /* Release */ = {
			isa = XCBuildConfiguration;
			buildSettings = {
				ALWAYS_SEARCH_USER_PATHS = NO;
				CLANG_CXX_LANGUAGE_STANDARD = "gnu++0x";
				CLANG_CXX_LIBRARY = "libc++";
				CLANG_ENABLE_MODULES = YES;
				CLANG_ENABLE_OBJC_ARC = YES;
				CLANG_WARN_BOOL_CONVERSION = YES;
				CLANG_WARN_CONSTANT_CONVERSION = YES;
				CLANG_WARN_DIRECT_OBJC_ISA_USAGE = YES_ERROR;
				CLANG_WARN_EMPTY_BODY = YES;
				CLANG_WARN_ENUM_CONVERSION = YES;
				CLANG_WARN_INT_CONVERSION = YES;
				CLANG_WARN_OBJC_ROOT_CLASS = YES_ERROR;
				CLANG_WARN_UNREACHABLE_CODE = YES;
				CLANG_WARN__DUPLICATE_METHOD_MATCH = YES;
				"CODE_SIGN_IDENTITY[sdk=iphoneos*]" = "iPhone Developer";
				COPY_PHASE_STRIP = NO;
				DEBUG_INFORMATION_FORMAT = "dwarf-with-dsym";
				ENABLE_NS_ASSERTIONS = NO;
				ENABLE_STRICT_OBJC_MSGSEND = YES;
				GCC_C_LANGUAGE_STANDARD = gnu99;
				GCC_NO_COMMON_BLOCKS = YES;
				GCC_WARN_64_TO_32_BIT_CONVERSION = YES;
				GCC_WARN_ABOUT_RETURN_TYPE = YES_ERROR;
				GCC_WARN_UNDECLARED_SELECTOR = YES;
				GCC_WARN_UNINITIALIZED_AUTOS = YES_AGGRESSIVE;
				GCC_WARN_UNUSED_FUNCTION = YES;
				GCC_WARN_UNUSED_VARIABLE = YES;
				IPHONEOS_DEPLOYMENT_TARGET = 8.3;
				MTL_ENABLE_DEBUG_INFO = NO;
				SDKROOT = iphoneos;
				TARGETED_DEVICE_FAMILY = "1,2";
				VALIDATE_PRODUCT = YES;
			};
			name = Release;
		};
		6CA75FE01B114E3900EFC1B1 /* Debug */ = {
			isa = XCBuildConfiguration;
			buildSettings = {
				ASSETCATALOG_COMPILER_APPICON_NAME = AppIcon;
				INFOPLIST_FILE = NextPath/Info.plist;
				LD_RUNPATH_SEARCH_PATHS = "$(inherited) @executable_path/Frameworks";
				PRODUCT_NAME = "$(TARGET_NAME)";
			};
			name = Debug;
		};
		6CA75FE11B114E3900EFC1B1 /* Release */ = {
			isa = XCBuildConfiguration;
			buildSettings = {
				ASSETCATALOG_COMPILER_APPICON_NAME = AppIcon;
				INFOPLIST_FILE = NextPath/Info.plist;
				LD_RUNPATH_SEARCH_PATHS = "$(inherited) @executable_path/Frameworks";
				PRODUCT_NAME = "$(TARGET_NAME)";
			};
			name = Release;
		};
		6CA75FE31B114E3900EFC1B1 /* Debug */ = {
			isa = XCBuildConfiguration;
			buildSettings = {
				BUNDLE_LOADER = "$(TEST_HOST)";
				FRAMEWORK_SEARCH_PATHS = (
					"$(SDKROOT)/Developer/Library/Frameworks",
					"$(inherited)",
				);
				GCC_PREPROCESSOR_DEFINITIONS = (
					"DEBUG=1",
					"$(inherited)",
				);
				INFOPLIST_FILE = NextPathTests/Info.plist;
				LD_RUNPATH_SEARCH_PATHS = "$(inherited) @executable_path/Frameworks @loader_path/Frameworks";
				PRODUCT_NAME = "$(TARGET_NAME)";
				TEST_HOST = "$(BUILT_PRODUCTS_DIR)/NextPath.app/NextPath";
			};
			name = Debug;
		};
		6CA75FE41B114E3900EFC1B1 /* Release */ = {
			isa = XCBuildConfiguration;
			buildSettings = {
				BUNDLE_LOADER = "$(TEST_HOST)";
				FRAMEWORK_SEARCH_PATHS = (
					"$(SDKROOT)/Developer/Library/Frameworks",
					"$(inherited)",
				);
				INFOPLIST_FILE = NextPathTests/Info.plist;
				LD_RUNPATH_SEARCH_PATHS = "$(inherited) @executable_path/Frameworks @loader_path/Frameworks";
				PRODUCT_NAME = "$(TARGET_NAME)";
				TEST_HOST = "$(BUILT_PRODUCTS_DIR)/NextPath.app/NextPath";
			};
			name = Release;
		};
/* End XCBuildConfiguration section */

/* Begin XCConfigurationList section */
		6CA75FB81B114E3900EFC1B1 /* Build configuration list for PBXProject "NextPath" */ = {
			isa = XCConfigurationList;
			buildConfigurations = (
				6CA75FDD1B114E3900EFC1B1 /* Debug */,
				6CA75FDE1B114E3900EFC1B1 /* Release */,
			);
			defaultConfigurationIsVisible = 0;
			defaultConfigurationName = Release;
		};
		6CA75FDF1B114E3900EFC1B1 /* Build configuration list for PBXNativeTarget "NextPath" */ = {
			isa = XCConfigurationList;
			buildConfigurations = (
				6CA75FE01B114E3900EFC1B1 /* Debug */,
				6CA75FE11B114E3900EFC1B1 /* Release */,
			);
			defaultConfigurationIsVisible = 0;
		};
		6CA75FE21B114E3900EFC1B1 /* Build configuration list for PBXNativeTarget "NextPathTests" */ = {
			isa = XCConfigurationList;
			buildConfigurations = (
				6CA75FE31B114E3900EFC1B1 /* Debug */,
				6CA75FE41B114E3900EFC1B1 /* Release */,
			);
			defaultConfigurationIsVisible = 0;
		};
/* End XCConfigurationList section */

/* Begin XCVersionGroup section */
		6CA75FC41B114E3900EFC1B1 /* NextPath.xcdatamodeld */ = {
			isa = XCVersionGroup;
			children = (
				6CA75FC51B114E3900EFC1B1 /* NextPath.xcdatamodel */,
			);
			currentVersion = 6CA75FC51B114E3900EFC1B1 /* NextPath.xcdatamodel */;
			path = NextPath.xcdatamodeld;
			sourceTree = "<group>";
			versionGroupType = wrapper.xcdatamodel;
		};
/* End XCVersionGroup section */
	};
	rootObject = 6CA75FB51B114E3900EFC1B1 /* Project object */;
}
